
Microsoft Visual Studio Solution File, Format Version 12.00
# Visual Studio Version 17
VisualStudioVersion = 17.2.32526.322
MinimumVisualStudioVersion = 10.0.40219.1
Project("{F184B08F-C81C-45F6-A57F-5ABD9991F28F}") = "LoraWanCondominio", "LoraWanCondominio\LoraWanCondominio.vbproj", "{FBDFFD97-840A-43C1-B382-3DEFCE7F3484}"
EndProject
Global
	GlobalSection(SolutionConfigurationPlatforms) = preSolution
		Debug|Any CPU = Debug|Any CPU
		Release|Any CPU = Release|Any CPU
	EndGlobalSection
	GlobalSection(ProjectConfigurationPlatforms) = postSolution
		{FBDFFD97-840A-43C1-B382-3DEFCE7F3484}.Debug|Any CPU.ActiveCfg = Debug|Any CPU
		{FBDFFD97-840A-43C1-B382-3DEFCE7F3484}.Debug|Any CPU.Build.0 = Debug|Any CPU
		{FBDFFD97-840A-43C1-B382-3DEFCE7F3484}.Release|Any CPU.ActiveCfg = Release|Any CPU
		{FBDFFD97-840A-43C1-B382-3DEFCE7F3484}.Release|Any CPU.Build.0 = Release|Any CPU
	EndGlobalSection
	GlobalSection(SolutionProperties) = preSolution
		HideSolutionNode = FALSE
	EndGlobalSection
	GlobalSection(ExtensibilityGlobals) = postSolution
		SolutionGuid = {7878AFAF-2160-4E88-9EAF-67FE31C22360}
	EndGlobalSection
EndGlobal
